// !$*UTF8*$!
{
	archiveVersion = 1;
	classes = {
	};
	objectVersion = 50;
	objects = {

/* Begin PBXBuildFile section */
		A3270AD5255A68D700A4C370 /* AppDelegate.swift in Sources */ = {isa = PBXBuildFile; fileRef = A3270AD4255A68D700A4C370 /* AppDelegate.swift */; };
		A3270AD7255A68D700A4C370 /* SceneDelegate.swift in Sources */ = {isa = PBXBuildFile; fileRef = A3270AD6255A68D700A4C370 /* SceneDelegate.swift */; };
		A3270AD9255A68D700A4C370 /* ViewController.swift in Sources */ = {isa = PBXBuildFile; fileRef = A3270AD8255A68D700A4C370 /* ViewController.swift */; };
		A3270ADC255A68D700A4C370 /* Main.storyboard in Resources */ = {isa = PBXBuildFile; fileRef = A3270ADA255A68D700A4C370 /* Main.storyboard */; };
		A3270ADE255A68DA00A4C370 /* Assets.xcassets in Resources */ = {isa = PBXBuildFile; fileRef = A3270ADD255A68DA00A4C370 /* Assets.xcassets */; };
		A3270AE1255A68DA00A4C370 /* LaunchScreen.storyboard in Resources */ = {isa = PBXBuildFile; fileRef = A3270ADF255A68DA00A4C370 /* LaunchScreen.storyboard */; };
		A3270AEC255A68DA00A4C370 /* gitTestTests.swift in Sources */ = {isa = PBXBuildFile; fileRef = A3270AEB255A68DA00A4C370 /* gitTestTests.swift */; };
		A3270AF7255A68DA00A4C370 /* gitTestUITests.swift in Sources */ = {isa = PBXBuildFile; fileRef = A3270AF6255A68DA00A4C370 /* gitTestUITests.swift */; };
		A3270B08255A6A1E00A4C370 /* testViewController.swift in Sources */ = {isa = PBXBuildFile; fileRef = A3270B07255A6A1E00A4C370 /* testViewController.swift */; };
		A3270B0F255A6B0A00A4C370 /* test2.swift in Sources */ = {isa = PBXBuildFile; fileRef = A3270B0E255A6B0A00A4C370 /* test2.swift */; };
/* End PBXBuildFile section */

/* Begin PBXContainerItemProxy section */
		A3270AE8255A68DA00A4C370 /* PBXContainerItemProxy */ = {
			isa = PBXContainerItemProxy;
			containerPortal = A3270AC9255A68D700A4C370 /* Project object */;
			proxyType = 1;
			remoteGlobalIDString = A3270AD0255A68D700A4C370;
			remoteInfo = gitTest;
		};
		A3270AF3255A68DA00A4C370 /* PBXContainerItemProxy */ = {
			isa = PBXContainerItemProxy;
			containerPortal = A3270AC9255A68D700A4C370 /* Project object */;
			proxyType = 1;
			remoteGlobalIDString = A3270AD0255A68D700A4C370;
			remoteInfo = gitTest;
		};
/* End PBXContainerItemProxy section */

/* Begin PBXFileReference section */
		A3270AD1255A68D700A4C370 /* gitTest.app */ = {isa = PBXFileReference; explicitFileType = wrapper.application; includeInIndex = 0; path = gitTest.app; sourceTree = BUILT_PRODUCTS_DIR; };
		A3270AD4255A68D700A4C370 /* AppDelegate.swift */ = {isa = PBXFileReference; lastKnownFileType = sourcecode.swift; path = AppDelegate.swift; sourceTree = "<group>"; };
		A3270AD6255A68D700A4C370 /* SceneDelegate.swift */ = {isa = PBXFileReference; lastKnownFileType = sourcecode.swift; path = SceneDelegate.swift; sourceTree = "<group>"; };
		A3270AD8255A68D700A4C370 /* ViewController.swift */ = {isa = PBXFileReference; lastKnownFileType = sourcecode.swift; path = ViewController.swift; sourceTree = "<group>"; };
		A3270ADB255A68D700A4C370 /* Base */ = {isa = PBXFileReference; lastKnownFileType = file.storyboard; name = Base; path = Base.lproj/Main.storyboard; sourceTree = "<group>"; };
		A3270ADD255A68DA00A4C370 /* Assets.xcassets */ = {isa = PBXFileReference; lastKnownFileType = folder.assetcatalog; path = Assets.xcassets; sourceTree = "<group>"; };
		A3270AE0255A68DA00A4C370 /* Base */ = {isa = PBXFileReference; lastKnownFileType = file.storyboard; name = Base; path = Base.lproj/LaunchScreen.storyboard; sourceTree = "<group>"; };
		A3270AE2255A68DA00A4C370 /* Info.plist */ = {isa = PBXFileReference; lastKnownFileType = text.plist.xml; path = Info.plist; sourceTree = "<group>"; };
		A3270AE7255A68DA00A4C370 /* gitTestTests.xctest */ = {isa = PBXFileReference; explicitFileType = wrapper.cfbundle; includeInIndex = 0; path = gitTestTests.xctest; sourceTree = BUILT_PRODUCTS_DIR; };
		A3270AEB255A68DA00A4C370 /* gitTestTests.swift */ = {isa = PBXFileReference; lastKnownFileType = sourcecode.swift; path = gitTestTests.swift; sourceTree = "<group>"; };
		A3270AED255A68DA00A4C370 /* Info.plist */ = {isa = PBXFileReference; lastKnownFileType = text.plist.xml; path = Info.plist; sourceTree = "<group>"; };
		A3270AF2255A68DA00A4C370 /* gitTestUITests.xctest */ = {isa = PBXFileReference; explicitFileType = wrapper.cfbundle; includeInIndex = 0; path = gitTestUITests.xctest; sourceTree = BUILT_PRODUCTS_DIR; };
		A3270AF6255A68DA00A4C370 /* gitTestUITests.swift */ = {isa = PBXFileReference; lastKnownFileType = sourcecode.swift; path = gitTestUITests.swift; sourceTree = "<group>"; };
		A3270AF8255A68DA00A4C370 /* Info.plist */ = {isa = PBXFileReference; lastKnownFileType = text.plist.xml; path = Info.plist; sourceTree = "<group>"; };
		A3270B07255A6A1E00A4C370 /* testViewController.swift */ = {isa = PBXFileReference; lastKnownFileType = sourcecode.swift; path = testViewController.swift; sourceTree = "<group>"; };
		A3270B0E255A6B0A00A4C370 /* test2.swift */ = {isa = PBXFileReference; lastKnownFileType = sourcecode.swift; path = test2.swift; sourceTree = "<group>"; };
/* End PBXFileReference section */

/* Begin PBXFrameworksBuildPhase section */
		A3270ACE255A68D700A4C370 /* Frameworks */ = {
			isa = PBXFrameworksBuildPhase;
			buildActionMask = 2147483647;
			files = (
			);
			runOnlyForDeploymentPostprocessing = 0;
		};
		A3270AE4255A68DA00A4C370 /* Frameworks */ = {
			isa = PBXFrameworksBuildPhase;
			buildActionMask = 2147483647;
			files = (
			);
			runOnlyForDeploymentPostprocessing = 0;
		};
		A3270AEF255A68DA00A4C370 /* Frameworks */ = {
			isa = PBXFrameworksBuildPhase;
			buildActionMask = 2147483647;
			files = (
			);
			runOnlyForDeploymentPostprocessing = 0;
		};
/* End PBXFrameworksBuildPhase section */

/* Begin PBXGroup section */
		A3270AC8255A68D700A4C370 = {
			isa = PBXGroup;
			children = (
				A3270B0D255A6AE900A4C370 /* b */,
				A3270B0C255A6AD800A4C370 /* a */,
				A3270AD3255A68D700A4C370 /* gitTest */,
				A3270AEA255A68DA00A4C370 /* gitTestTests */,
				A3270AF5255A68DA00A4C370 /* gitTestUITests */,
				A3270AD2255A68D700A4C370 /* Products */,
			);
			sourceTree = "<group>";
		};
		A3270AD2255A68D700A4C370 /* Products */ = {
			isa = PBXGroup;
			children = (
				A3270AD1255A68D700A4C370 /* gitTest.app */,
				A3270AE7255A68DA00A4C370 /* gitTestTests.xctest */,
				A3270AF2255A68DA00A4C370 /* gitTestUITests.xctest */,
			);
			name = Products;
			sourceTree = "<group>";
		};
		A3270AD3255A68D700A4C370 /* gitTest */ = {
			isa = PBXGroup;
			children = (
				A3270AD4255A68D700A4C370 /* AppDelegate.swift */,
				A3270AD6255A68D700A4C370 /* SceneDelegate.swift */,
				A3270AD8255A68D700A4C370 /* ViewController.swift */,
				A3270B07255A6A1E00A4C370 /* testViewController.swift */,
				A3270ADA255A68D700A4C370 /* Main.storyboard */,
				A3270ADD255A68DA00A4C370 /* Assets.xcassets */,
				A3270ADF255A68DA00A4C370 /* LaunchScreen.storyboard */,
				A3270AE2255A68DA00A4C370 /* Info.plist */,
			);
			path = gitTest;
			sourceTree = "<group>";
		};
		A3270AEA255A68DA00A4C370 /* gitTestTests */ = {
			isa = PBXGroup;
			children = (
				A3270AEB255A68DA00A4C370 /* gitTestTests.swift */,
				A3270AED255A68DA00A4C370 /* Info.plist */,
			);
			path = gitTestTests;
			sourceTree = "<group>";
		};
		A3270AF5255A68DA00A4C370 /* gitTestUITests */ = {
			isa = PBXGroup;
			children = (
				A3270AF6255A68DA00A4C370 /* gitTestUITests.swift */,
				A3270AF8255A68DA00A4C370 /* Info.plist */,
			);
			path = gitTestUITests;
			sourceTree = "<group>";
		};
		A3270B0C255A6AD800A4C370 /* a */ = {
			isa = PBXGroup;
			children = (
				A3270B0E255A6B0A00A4C370 /* test2.swift */,
			);
			path = a;
			sourceTree = "<group>";
		};
		A3270B0D255A6AE900A4C370 /* b */ = {
			isa = PBXGroup;
			children = (
			);
			path = b;
			sourceTree = "<group>";
		};
/* End PBXGroup section */

/* Begin PBXNativeTarget section */
		A3270AD0255A68D700A4C370 /* gitTest */ = {
			isa = PBXNativeTarget;
			buildConfigurationList = A3270AFB255A68DA00A4C370 /* Build configuration list for PBXNativeTarget "gitTest" */;
			buildPhases = (
				A3270ACD255A68D700A4C370 /* Sources */,
				A3270ACE255A68D700A4C370 /* Frameworks */,
				A3270ACF255A68D700A4C370 /* Resources */,
			);
			buildRules = (
			);
			dependencies = (
			);
			name = gitTest;
			productName = gitTest;
			productReference = A3270AD1255A68D700A4C370 /* gitTest.app */;
			productType = "com.apple.product-type.application";
		};
		A3270AE6255A68DA00A4C370 /* gitTestTests */ = {
			isa = PBXNativeTarget;
			buildConfigurationList = A3270AFE255A68DA00A4C370 /* Build configuration list for PBXNativeTarget "gitTestTests" */;
			buildPhases = (
				A3270AE3255A68DA00A4C370 /* Sources */,
				A3270AE4255A68DA00A4C370 /* Frameworks */,
				A3270AE5255A68DA00A4C370 /* Resources */,
			);
			buildRules = (
			);
			dependencies = (
				A3270AE9255A68DA00A4C370 /* PBXTargetDependency */,
			);
			name = gitTestTests;
			productName = gitTestTests;
			productReference = A3270AE7255A68DA00A4C370 /* gitTestTests.xctest */;
			productType = "com.apple.product-type.bundle.unit-test";
		};
		A3270AF1255A68DA00A4C370 /* gitTestUITests */ = {
			isa = PBXNativeTarget;
			buildConfigurationList = A3270B01255A68DA00A4C370 /* Build configuration list for PBXNativeTarget "gitTestUITests" */;
			buildPhases = (
				A3270AEE255A68DA00A4C370 /* Sources */,
				A3270AEF255A68DA00A4C370 /* Frameworks */,
				A3270AF0255A68DA00A4C370 /* Resources */,
			);
			buildRules = (
			);
			dependencies = (
				A3270AF4255A68DA00A4C370 /* PBXTargetDependency */,
			);
			name = gitTestUITests;
			productName = gitTestUITests;
			productReference = A3270AF2255A68DA00A4C370 /* gitTestUITests.xctest */;
			productType = "com.apple.product-type.bundle.ui-testing";
		};
/* End PBXNativeTarget section */

/* Begin PBXProject section */
		A3270AC9255A68D700A4C370 /* Project object */ = {
			isa = PBXProject;
			attributes = {
				LastSwiftUpdateCheck = 1200;
				LastUpgradeCheck = 1200;
				TargetAttributes = {
					A3270AD0255A68D700A4C370 = {
						CreatedOnToolsVersion = 12.0.1;
					};
					A3270AE6255A68DA00A4C370 = {
						CreatedOnToolsVersion = 12.0.1;
						TestTargetID = A3270AD0255A68D700A4C370;
					};
					A3270AF1255A68DA00A4C370 = {
						CreatedOnToolsVersion = 12.0.1;
						TestTargetID = A3270AD0255A68D700A4C370;
					};
				};
			};
			buildConfigurationList = A3270ACC255A68D700A4C370 /* Build configuration list for PBXProject "gitTest" */;
			compatibilityVersion = "Xcode 9.3";
			developmentRegion = en;
			hasScannedForEncodings = 0;
			knownRegions = (
				en,
				Base,
			);
			mainGroup = A3270AC8255A68D700A4C370;
			productRefGroup = A3270AD2255A68D700A4C370 /* Products */;
			projectDirPath = "";
			projectRoot = "";
			targets = (
				A3270AD0255A68D700A4C370 /* gitTest */,
				A3270AE6255A68DA00A4C370 /* gitTestTests */,
				A3270AF1255A68DA00A4C370 /* gitTestUITests */,
			);
		};
/* End PBXProject section */

/* Begin PBXResourcesBuildPhase section */
		A3270ACF255A68D700A4C370 /* Resources */ = {
			isa = PBXResourcesBuildPhase;
			buildActionMask = 2147483647;
			files = (
				A3270AE1255A68DA00A4C370 /* LaunchScreen.storyboard in Resources */,
				A3270ADE255A68DA00A4C370 /* Assets.xcassets in Resources */,
				A3270ADC255A68D700A4C370 /* Main.storyboard in Resources */,
			);
			runOnlyForDeploymentPostprocessing = 0;
		};
		A3270AE5255A68DA00A4C370 /* Resources */ = {
			isa = PBXResourcesBuildPhase;
			buildActionMask = 2147483647;
			files = (
			);
			runOnlyForDeploymentPostprocessing = 0;
		};
		A3270AF0255A68DA00A4C370 /* Resources */ = {
			isa = PBXResourcesBuildPhase;
			buildActionMask = 2147483647;
			files = (
			);
			runOnlyForDeploymentPostprocessing = 0;
		};
/* End PBXResourcesBuildPhase section */

/* Begin PBXSourcesBuildPhase section */
		A3270ACD255A68D700A4C370 /* Sources */ = {
			isa = PBXSourcesBuildPhase;
			buildActionMask = 2147483647;
			files = (
				A3270AD9255A68D700A4C370 /* ViewController.swift in Sources */,
				A3270AD5255A68D700A4C370 /* AppDelegate.swift in Sources */,
				A3270B08255A6A1E00A4C370 /* testViewController.swift in Sources */,
				A3270B0F255A6B0A00A4C370 /* test2.swift in Sources */,
				A3270AD7255A68D700A4C370 /* SceneDelegate.swift in Sources */,
			);
			runOnlyForDeploymentPostprocessing = 0;
		};
		A3270AE3255A68DA00A4C370 /* Sources */ = {
			isa = PBXSourcesBuildPhase;
			buildActionMask = 2147483647;
			files = (
				A3270AEC255A68DA00A4C370 /* gitTestTests.swift in Sources */,
			);
			runOnlyForDeploymentPostprocessing = 0;
		};
		A3270AEE255A68DA00A4C370 /* Sources */ = {
			isa = PBXSourcesBuildPhase;
			buildActionMask = 2147483647;
			files = (
				A3270AF7255A68DA00A4C370 /* gitTestUITests.swift in Sources */,
			);
			runOnlyForDeploymentPostprocessing = 0;
		};
/* End PBXSourcesBuildPhase section */

/* Begin PBXTargetDependency section */
		A3270AE9255A68DA00A4C370 /* PBXTargetDependency */ = {
			isa = PBXTargetDependency;
			target = A3270AD0255A68D700A4C370 /* gitTest */;
			targetProxy = A3270AE8255A68DA00A4C370 /* PBXContainerItemProxy */;
		};
		A3270AF4255A68DA00A4C370 /* PBXTargetDependency */ = {
			isa = PBXTargetDependency;
			target = A3270AD0255A68D700A4C370 /* gitTest */;
			targetProxy = A3270AF3255A68DA00A4C370 /* PBXContainerItemProxy */;
		};
/* End PBXTargetDependency section */

/* Begin PBXVariantGroup section */
		A3270ADA255A68D700A4C370 /* Main.storyboard */ = {
			isa = PBXVariantGroup;
			children = (
				A3270ADB255A68D700A4C370 /* Base */,
			);
			name = Main.storyboard;
			sourceTree = "<group>";
		};
		A3270ADF255A68DA00A4C370 /* LaunchScreen.storyboard */ = {
			isa = PBXVariantGroup;
			children = (
				A3270AE0255A68DA00A4C370 /* Base */,
			);
			name = LaunchScreen.storyboard;
			sourceTree = "<group>";
		};
/* End PBXVariantGroup section */

/* Begin XCBuildConfiguration section */
		A3270AF9255A68DA00A4C370 /* Debug */ = {
			isa = XCBuildConfiguration;
			buildSettings = {
				ALWAYS_SEARCH_USER_PATHS = NO;
				CLANG_ANALYZER_NONNULL = YES;
				CLANG_ANALYZER_NUMBER_OBJECT_CONVERSION = YES_AGGRESSIVE;
				CLANG_CXX_LANGUAGE_STANDARD = "gnu++14";
				CLANG_CXX_LIBRARY = "libc++";
				CLANG_ENABLE_MODULES = YES;
				CLANG_ENABLE_OBJC_ARC = YES;
				CLANG_ENABLE_OBJC_WEAK = YES;
				CLANG_WARN_BLOCK_CAPTURE_AUTORELEASING = YES;
				CLANG_WARN_BOOL_CONVERSION = YES;
				CLANG_WARN_COMMA = YES;
				CLANG_WARN_CONSTANT_CONVERSION = YES;
				CLANG_WARN_DEPRECATED_OBJC_IMPLEMENTATIONS = YES;
				CLANG_WARN_DIRECT_OBJC_ISA_USAGE = YES_ERROR;
				CLANG_WARN_DOCUMENTATION_COMMENTS = YES;
				CLANG_WARN_EMPTY_BODY = YES;
				CLANG_WARN_ENUM_CONVERSION = YES;
				CLANG_WARN_INFINITE_RECURSION = YES;
				CLANG_WARN_INT_CONVERSION = YES;
				CLANG_WARN_NON_LITERAL_NULL_CONVERSION = YES;
				CLANG_WARN_OBJC_IMPLICIT_RETAIN_SELF = YES;
				CLANG_WARN_OBJC_LITERAL_CONVERSION = YES;
				CLANG_WARN_OBJC_ROOT_CLASS = YES_ERROR;
				CLANG_WARN_QUOTED_INCLUDE_IN_FRAMEWORK_HEADER = YES;
				CLANG_WARN_RANGE_LOOP_ANALYSIS = YES;
				CLANG_WARN_STRICT_PROTOTYPES = YES;
				CLANG_WARN_SUSPICIOUS_MOVE = YES;
				CLANG_WARN_UNGUARDED_AVAILABILITY = YES_AGGRESSIVE;
				CLANG_WARN_UNREACHABLE_CODE = YES;
				CLANG_WARN__DUPLICATE_METHOD_MATCH = YES;
				COPY_PHASE_STRIP = NO;
				DEBUG_INFORMATION_FORMAT = dwarf;
				ENABLE_STRICT_OBJC_MSGSEND = YES;
				ENABLE_TESTABILITY = YES;
				GCC_C_LANGUAGE_STANDARD = gnu11;
				GCC_DYNAMIC_NO_PIC = NO;
				GCC_NO_COMMON_BLOCKS = YES;
				GCC_OPTIMIZATION_LEVEL = 0;
				GCC_PREPROCESSOR_DEFINITIONS = (
					"DEBUG=1",
					"$(inherited)",
				);
				GCC_WARN_64_TO_32_BIT_CONVERSION = YES;
				GCC_WARN_ABOUT_RETURN_TYPE = YES_ERROR;
				GCC_WARN_UNDECLARED_SELECTOR = YES;
				GCC_WARN_UNINITIALIZED_AUTOS = YES_AGGRESSIVE;
				GCC_WARN_UNUSED_FUNCTION = YES;
				GCC_WARN_UNUSED_VARIABLE = YES;
				IPHONEOS_DEPLOYMENT_TARGET = 14.0;
				MTL_ENABLE_DEBUG_INFO = INCLUDE_SOURCE;
				MTL_FAST_MATH = YES;
				ONLY_ACTIVE_ARCH = YES;
				SDKROOT = iphoneos;
				SWIFT_ACTIVE_COMPILATION_CONDITIONS = DEBUG;
				SWIFT_OPTIMIZATION_LEVEL = "-Onone";
			};
			name = Debug;
		};
		A3270AFA255A68DA00A4C370 /* Release */ = {
			isa = XCBuildConfiguration;
			buildSettings = {
				ALWAYS_SEARCH_USER_PATHS = NO;
				CLANG_ANALYZER_NONNULL = YES;
				CLANG_ANALYZER_NUMBER_OBJECT_CONVERSION = YES_AGGRESSIVE;
				CLANG_CXX_LANGUAGE_STANDARD = "gnu++14";
				CLANG_CXX_LIBRARY = "libc++";
				CLANG_ENABLE_MODULES = YES;
				CLANG_ENABLE_OBJC_ARC = YES;
				CLANG_ENABLE_OBJC_WEAK = YES;
				CLANG_WARN_BLOCK_CAPTURE_AUTORELEASING = YES;
				CLANG_WARN_BOOL_CONVERSION = YES;
				CLANG_WARN_COMMA = YES;
				CLANG_WARN_CONSTANT_CONVERSION = YES;
				CLANG_WARN_DEPRECATED_OBJC_IMPLEMENTATIONS = YES;
				CLANG_WARN_DIRECT_OBJC_ISA_USAGE = YES_ERROR;
				CLANG_WARN_DOCUMENTATION_COMMENTS = YES;
				CLANG_WARN_EMPTY_BODY = YES;
				CLANG_WARN_ENUM_CONVERSION = YES;
				CLANG_WARN_INFINITE_RECURSION = YES;
				CLANG_WARN_INT_CONVERSION = YES;
				CLANG_WARN_NON_LITERAL_NULL_CONVERSION = YES;
				CLANG_WARN_OBJC_IMPLICIT_RETAIN_SELF = YES;
				CLANG_WARN_OBJC_LITERAL_CONVERSION = YES;
				CLANG_WARN_OBJC_ROOT_CLASS = YES_ERROR;
				CLANG_WARN_QUOTED_INCLUDE_IN_FRAMEWORK_HEADER = YES;
				CLANG_WARN_RANGE_LOOP_ANALYSIS = YES;
				CLANG_WARN_STRICT_PROTOTYPES = YES;
				CLANG_WARN_SUSPICIOUS_MOVE = YES;
				CLANG_WARN_UNGUARDED_AVAILABILITY = YES_AGGRESSIVE;
				CLANG_WARN_UNREACHABLE_CODE = YES;
				CLANG_WARN__DUPLICATE_METHOD_MATCH = YES;
				COPY_PHASE_STRIP = NO;
				DEBUG_INFORMATION_FORMAT = "dwarf-with-dsym";
				ENABLE_NS_ASSERTIONS = NO;
				ENABLE_STRICT_OBJC_MSGSEND = YES;
				GCC_C_LANGUAGE_STANDARD = gnu11;
				GCC_NO_COMMON_BLOCKS = YES;
				GCC_WARN_64_TO_32_BIT_CONVERSION = YES;
				GCC_WARN_ABOUT_RETURN_TYPE = YES_ERROR;
				GCC_WARN_UNDECLARED_SELECTOR = YES;
				GCC_WARN_UNINITIALIZED_AUTOS = YES_AGGRESSIVE;
				GCC_WARN_UNUSED_FUNCTION = YES;
				GCC_WARN_UNUSED_VARIABLE = YES;
				IPHONEOS_DEPLOYMENT_TARGET = 14.0;
				MTL_ENABLE_DEBUG_INFO = NO;
				MTL_FAST_MATH = YES;
				SDKROOT = iphoneos;
				SWIFT_COMPILATION_MODE = wholemodule;
				SWIFT_OPTIMIZATION_LEVEL = "-O";
				VALIDATE_PRODUCT = YES;
			};
			name = Release;
		};
		A3270AFC255A68DA00A4C370 /* Debug */ = {
			isa = XCBuildConfiguration;
			buildSettings = {
				ASSETCATALOG_COMPILER_APPICON_NAME = AppIcon;
				ASSETCATALOG_COMPILER_GLOBAL_ACCENT_COLOR_NAME = AccentColor;
				CODE_SIGN_STYLE = Automatic;
				DEVELOPMENT_TEAM = N77FDGY4DK;
				INFOPLIST_FILE = gitTest/Info.plist;
				LD_RUNPATH_SEARCH_PATHS = (
					"$(inherited)",
					"@executable_path/Frameworks",
				);
				PRODUCT_BUNDLE_IDENTIFIER = com.gmail.koromay.gitTest;
				PRODUCT_NAME = "$(TARGET_NAME)";
				SWIFT_VERSION = 5.0;
				TARGETED_DEVICE_FAMILY = "1,2";
			};
			name = Debug;
		};
		A3270AFD255A68DA00A4C370 /* Release */ = {
			isa = XCBuildConfiguration;
			buildSettings = {
				ASSETCATALOG_COMPILER_APPICON_NAME = AppIcon;
				ASSETCATALOG_COMPILER_GLOBAL_ACCENT_COLOR_NAME = AccentColor;
				CODE_SIGN_STYLE = Automatic;
				DEVELOPMENT_TEAM = N77FDGY4DK;
				INFOPLIST_FILE = gitTest/Info.plist;
				LD_RUNPATH_SEARCH_PATHS = (
					"$(inherited)",
					"@executable_path/Frameworks",
				);
				PRODUCT_BUNDLE_IDENTIFIER = com.gmail.koromay.gitTest;
				PRODUCT_NAME = "$(TARGET_NAME)";
				SWIFT_VERSION = 5.0;
				TARGETED_DEVICE_FAMILY = "1,2";
			};
			name = Release;
		};
		A3270AFF255A68DA00A4C370 /* Debug */ = {
			isa = XCBuildConfiguration;
			buildSettings = {
				ALWAYS_EMBED_SWIFT_STANDARD_LIBRARIES = YES;
				BUNDLE_LOADER = "$(TEST_HOST)";
				CODE_SIGN_STYLE = Automatic;
				DEVELOPMENT_TEAM = N77FDGY4DK;
				INFOPLIST_FILE = gitTestTests/Info.plist;
				IPHONEOS_DEPLOYMENT_TARGET = 14.0;
				LD_RUNPATH_SEARCH_PATHS = (
					"$(inherited)",
					"@executable_path/Frameworks",
					"@loader_path/Frameworks",
				);
				PRODUCT_BUNDLE_IDENTIFIER = com.gmail.koromay.gitTestTests;
				PRODUCT_NAME = "$(TARGET_NAME)";
				SWIFT_VERSION = 5.0;
				TARGETED_DEVICE_FAMILY = "1,2";
				TEST_HOST = "$(BUILT_PRODUCTS_DIR)/gitTest.app/gitTest";
			};
			name = Debug;
		};
		A3270B00255A68DA00A4C370 /* Release */ = {
			isa = XCBuildConfiguration;
			buildSettings = {
				ALWAYS_EMBED_SWIFT_STANDARD_LIBRARIES = YES;
				BUNDLE_LOADER = "$(TEST_HOST)";
				CODE_SIGN_STYLE = Automatic;
				DEVELOPMENT_TEAM = N77FDGY4DK;
				INFOPLIST_FILE = gitTestTests/Info.plist;
				IPHONEOS_DEPLOYMENT_TARGET = 14.0;
				LD_RUNPATH_SEARCH_PATHS = (
					"$(inherited)",
					"@executable_path/Frameworks",
					"@loader_path/Frameworks",
				);
				PRODUCT_BUNDLE_IDENTIFIER = com.gmail.koromay.gitTestTests;
				PRODUCT_NAME = "$(TARGET_NAME)";
				SWIFT_VERSION = 5.0;
				TARGETED_DEVICE_FAMILY = "1,2";
				TEST_HOST = "$(BUILT_PRODUCTS_DIR)/gitTest.app/gitTest";
			};
			name = Release;
		};
		A3270B02255A68DA00A4C370 /* Debug */ = {
			isa = XCBuildConfiguration;
			buildSettings = {
				ALWAYS_EMBED_SWIFT_STANDARD_LIBRARIES = YES;
				CODE_SIGN_STYLE = Automatic;
				DEVELOPMENT_TEAM = N77FDGY4DK;
				INFOPLIST_FILE = gitTestUITests/Info.plist;
				LD_RUNPATH_SEARCH_PATHS = (
					"$(inherited)",
					"@executable_path/Frameworks",
					"@loader_path/Frameworks",
				);
				PRODUCT_BUNDLE_IDENTIFIER = com.gmail.koromay.gitTestUITests;
				PRODUCT_NAME = "$(TARGET_NAME)";
				SWIFT_VERSION = 5.0;
				TARGETED_DEVICE_FAMILY = "1,2";
				TEST_TARGET_NAME = gitTest;
			};
			name = Debug;
		};
		A3270B03255A68DA00A4C370 /* Release */ = {
			isa = XCBuildConfiguration;
			buildSettings = {
				ALWAYS_EMBED_SWIFT_STANDARD_LIBRARIES = YES;
				CODE_SIGN_STYLE = Automatic;
				DEVELOPMENT_TEAM = N77FDGY4DK;
				INFOPLIST_FILE = gitTestUITests/Info.plist;
				LD_RUNPATH_SEARCH_PATHS = (
					"$(inherited)",
					"@executable_path/Frameworks",
					"@loader_path/Frameworks",
				);
				PRODUCT_BUNDLE_IDENTIFIER = com.gmail.koromay.gitTestUITests;
				PRODUCT_NAME = "$(TARGET_NAME)";
				SWIFT_VERSION = 5.0;
				TARGETED_DEVICE_FAMILY = "1,2";
				TEST_TARGET_NAME = gitTest;
			};
			name = Release;
		};
/* End XCBuildConfiguration section */

/* Begin XCConfigurationList section */
		A3270ACC255A68D700A4C370 /* Build configuration list for PBXProject "gitTest" */ = {
			isa = XCConfigurationList;
			buildConfigurations = (
				A3270AF9255A68DA00A4C370 /* Debug */,
				A3270AFA255A68DA00A4C370 /* Release */,
			);
			defaultConfigurationIsVisible = 0;
			defaultConfigurationName = Release;
		};
		A3270AFB255A68DA00A4C370 /* Build configuration list for PBXNativeTarget "gitTest" */ = {
			isa = XCConfigurationList;
			buildConfigurations = (
				A3270AFC255A68DA00A4C370 /* Debug */,
				A3270AFD255A68DA00A4C370 /* Release */,
			);
			defaultConfigurationIsVisible = 0;
			defaultConfigurationName = Release;
		};
		A3270AFE255A68DA00A4C370 /* Build configuration list for PBXNativeTarget "gitTestTests" */ = {
			isa = XCConfigurationList;
			buildConfigurations = (
				A3270AFF255A68DA00A4C370 /* Debug */,
				A3270B00255A68DA00A4C370 /* Release */,
			);
			defaultConfigurationIsVisible = 0;
			defaultConfigurationName = Release;
		};
		A3270B01255A68DA00A4C370 /* Build configuration list for PBXNativeTarget "gitTestUITests" */ = {
			isa = XCConfigurationList;
			buildConfigurations = (
				A3270B02255A68DA00A4C370 /* Debug */,
				A3270B03255A68DA00A4C370 /* Release */,
			);
			defaultConfigurationIsVisible = 0;
			defaultConfigurationName = Release;
		};
/* End XCConfigurationList section */
	};
	rootObject = A3270AC9255A68D700A4C370 /* Project object */;
}
